
Microsoft Visual Studio Solution File, Format Version 12.00
# Visual Studio 15
VisualStudioVersion = 15.0.28307.106
MinimumVisualStudioVersion = 10.0.40219.1
Project("{9A19103F-16F7-4668-BE54-9A1E7A4F7556}") = "HostMvcApp", "HostMvcApp\HostMvcApp.csproj", "{2B7E039C-17E7-4A0B-A058-B98CB3B6E8B9}"
EndProject
Project("{9A19103F-16F7-4668-BE54-9A1E7A4F7556}") = "MvcApp1", "MvcApp1\MvcApp1.csproj", "{D2302942-CC9A-4F87-8DB5-FCDE8FA00A80}"
EndProject
Project("{9A19103F-16F7-4668-BE54-9A1E7A4F7556}") = "MvcApp2", "MvcApp2\MvcApp2.csproj", "{DAC4F84B-97D9-4795-B198-5B54FA86AE95}"
EndProject
Project("{FAE04EC0-301F-11D3-BF4B-00C04F79EFBC}") = "Shared", "Shared\Shared.csproj", "{148BC3F2-C8CF-4116-8AD1-5659AA56886F}"
EndProject
Project("{2150E333-8FDC-42A3-9474-1A3956D46DE8}") = "Solution Items", "Solution Items", "{6E52755E-884C-4CDE-8A64-4AA44B6D331E}"
	ProjectSection(SolutionItems) = preProject
		README.md = README.md
	EndProjectSection
EndProject
Global
	GlobalSection(SolutionConfigurationPlatforms) = preSolution
		Debug|Any CPU = Debug|Any CPU
		Release|Any CPU = Release|Any CPU
	EndGlobalSection
	GlobalSection(ProjectConfigurationPlatforms) = postSolution
		{2B7E039C-17E7-4A0B-A058-B98CB3B6E8B9}.Debug|Any CPU.ActiveCfg = Debug|Any CPU
		{2B7E039C-17E7-4A0B-A058-B98CB3B6E8B9}.Debug|Any CPU.Build.0 = Debug|Any CPU
		{2B7E039C-17E7-4A0B-A058-B98CB3B6E8B9}.Release|Any CPU.ActiveCfg = Release|Any CPU
		{2B7E039C-17E7-4A0B-A058-B98CB3B6E8B9}.Release|Any CPU.Build.0 = Release|Any CPU
		{D2302942-CC9A-4F87-8DB5-FCDE8FA00A80}.Debug|Any CPU.ActiveCfg = Debug|Any CPU
		{D2302942-CC9A-4F87-8DB5-FCDE8FA00A80}.Debug|Any CPU.Build.0 = Debug|Any CPU
		{D2302942-CC9A-4F87-8DB5-FCDE8FA00A80}.Release|Any CPU.ActiveCfg = Release|Any CPU
		{D2302942-CC9A-4F87-8DB5-FCDE8FA00A80}.Release|Any CPU.Build.0 = Release|Any CPU
		{DAC4F84B-97D9-4795-B198-5B54FA86AE95}.Debug|Any CPU.ActiveCfg = Debug|Any CPU
		{DAC4F84B-97D9-4795-B198-5B54FA86AE95}.Debug|Any CPU.Build.0 = Debug|Any CPU
		{DAC4F84B-97D9-4795-B198-5B54FA86AE95}.Release|Any CPU.ActiveCfg = Release|Any CPU
		{DAC4F84B-97D9-4795-B198-5B54FA86AE95}.Release|Any CPU.Build.0 = Release|Any CPU
		{148BC3F2-C8CF-4116-8AD1-5659AA56886F}.Debug|Any CPU.ActiveCfg = Debug|Any CPU
		{148BC3F2-C8CF-4116-8AD1-5659AA56886F}.Debug|Any CPU.Build.0 = Debug|Any CPU
		{148BC3F2-C8CF-4116-8AD1-5659AA56886F}.Release|Any CPU.ActiveCfg = Release|Any CPU
		{148BC3F2-C8CF-4116-8AD1-5659AA56886F}.Release|Any CPU.Build.0 = Release|Any CPU
	EndGlobalSection
	GlobalSection(SolutionProperties) = preSolution
		HideSolutionNode = FALSE
	EndGlobalSection
	GlobalSection(ExtensibilityGlobals) = postSolution
		SolutionGuid = {5EE07AA8-CCEB-4930-A13C-AFF147E13777}
	EndGlobalSection
EndGlobal
